// !$*UTF8*$!
{
	archiveVersion = 1;
	classes = {
	};
	objectVersion = 46;
	objects = {

/* Begin PBXBuildFile section */
		62BC6D1C1A7ACE08004A1570 /* AppDelegate.swift in Sources */ = {isa = PBXBuildFile; fileRef = 62BC6D1B1A7ACE08004A1570 /* AppDelegate.swift */; };
		62BC6D1E1A7ACE08004A1570 /* ViewController.swift in Sources */ = {isa = PBXBuildFile; fileRef = 62BC6D1D1A7ACE08004A1570 /* ViewController.swift */; };
		62BC6D211A7ACE08004A1570 /* Main.storyboard in Resources */ = {isa = PBXBuildFile; fileRef = 62BC6D1F1A7ACE08004A1570 /* Main.storyboard */; };
		62BC6D231A7ACE08004A1570 /* Images.xcassets in Resources */ = {isa = PBXBuildFile; fileRef = 62BC6D221A7ACE08004A1570 /* Images.xcassets */; };
		62BC6D261A7ACE08004A1570 /* LaunchScreen.xib in Resources */ = {isa = PBXBuildFile; fileRef = 62BC6D241A7ACE08004A1570 /* LaunchScreen.xib */; };
		62BC6D321A7ACE08004A1570 /* LoginNowTests.swift in Sources */ = {isa = PBXBuildFile; fileRef = 62BC6D311A7ACE08004A1570 /* LoginNowTests.swift */; };
/* End PBXBuildFile section */

/* Begin PBXContainerItemProxy section */
		62BC6D2C1A7ACE08004A1570 /* PBXContainerItemProxy */ = {
			isa = PBXContainerItemProxy;
			containerPortal = 62BC6D0E1A7ACE08004A1570 /* Project object */;
			proxyType = 1;
			remoteGlobalIDString = 62BC6D151A7ACE08004A1570;
			remoteInfo = LoginNow;
		};
/* End PBXContainerItemProxy section */

/* Begin PBXFileReference section */
		62BC6D161A7ACE08004A1570 /* LoginNow.app */ = {isa = PBXFileReference; explicitFileType = wrapper.application; includeInIndex = 0; path = LoginNow.app; sourceTree = BUILT_PRODUCTS_DIR; };
		62BC6D1A1A7ACE08004A1570 /* Info.plist */ = {isa = PBXFileReference; lastKnownFileType = text.plist.xml; path = Info.plist; sourceTree = "<group>"; };
		62BC6D1B1A7ACE08004A1570 /* AppDelegate.swift */ = {isa = PBXFileReference; lastKnownFileType = sourcecode.swift; path = AppDelegate.swift; sourceTree = "<group>"; };
		62BC6D1D1A7ACE08004A1570 /* ViewController.swift */ = {isa = PBXFileReference; lastKnownFileType = sourcecode.swift; path = ViewController.swift; sourceTree = "<group>"; };
		62BC6D201A7ACE08004A1570 /* Base */ = {isa = PBXFileReference; lastKnownFileType = file.storyboard; name = Base; path = Base.lproj/Main.storyboard; sourceTree = "<group>"; };
		62BC6D221A7ACE08004A1570 /* Images.xcassets */ = {isa = PBXFileReference; lastKnownFileType = folder.assetcatalog; path = Images.xcassets; sourceTree = "<group>"; };
		62BC6D251A7ACE08004A1570 /* Base */ = {isa = PBXFileReference; lastKnownFileType = file.xib; name = Base; path = Base.lproj/LaunchScreen.xib; sourceTree = "<group>"; };
		62BC6D2B1A7ACE08004A1570 /* LoginNowTests.xctest */ = {isa = PBXFileReference; explicitFileType = wrapper.cfbundle; includeInIndex = 0; path = LoginNowTests.xctest; sourceTree = BUILT_PRODUCTS_DIR; };
		62BC6D301A7ACE08004A1570 /* Info.plist */ = {isa = PBXFileReference; lastKnownFileType = text.plist.xml; path = Info.plist; sourceTree = "<group>"; };
		62BC6D311A7ACE08004A1570 /* LoginNowTests.swift */ = {isa = PBXFileReference; lastKnownFileType = sourcecode.swift; path = LoginNowTests.swift; sourceTree = "<group>"; };
/* End PBXFileReference section */

/* Begin PBXFrameworksBuildPhase section */
		62BC6D131A7ACE08004A1570 /* Frameworks */ = {
			isa = PBXFrameworksBuildPhase;
			buildActionMask = 2147483647;
			files = (
			);
			runOnlyForDeploymentPostprocessing = 0;
		};
		62BC6D281A7ACE08004A1570 /* Frameworks */ = {
			isa = PBXFrameworksBuildPhase;
			buildActionMask = 2147483647;
			files = (
			);
			runOnlyForDeploymentPostprocessing = 0;
		};
/* End PBXFrameworksBuildPhase section */

/* Begin PBXGroup section */
		62BC6D0D1A7ACE08004A1570 = {
			isa = PBXGroup;
			children = (
				62BC6D181A7ACE08004A1570 /* LoginNow */,
				62BC6D2E1A7ACE08004A1570 /* LoginNowTests */,
				62BC6D171A7ACE08004A1570 /* Products */,
			);
			sourceTree = "<group>";
		};
		62BC6D171A7ACE08004A1570 /* Products */ = {
			isa = PBXGroup;
			children = (
				62BC6D161A7ACE08004A1570 /* LoginNow.app */,
				62BC6D2B1A7ACE08004A1570 /* LoginNowTests.xctest */,
			);
			name = Products;
			sourceTree = "<group>";
		};
		62BC6D181A7ACE08004A1570 /* LoginNow */ = {
			isa = PBXGroup;
			children = (
				62BC6D1B1A7ACE08004A1570 /* AppDelegate.swift */,
				62BC6D1D1A7ACE08004A1570 /* ViewController.swift */,
				62BC6D1F1A7ACE08004A1570 /* Main.storyboard */,
				62BC6D221A7ACE08004A1570 /* Images.xcassets */,
				62BC6D241A7ACE08004A1570 /* LaunchScreen.xib */,
				62BC6D191A7ACE08004A1570 /* Supporting Files */,
			);
			path = LoginNow;
			sourceTree = "<group>";
		};
		62BC6D191A7ACE08004A1570 /* Supporting Files */ = {
			isa = PBXGroup;
			children = (
				62BC6D1A1A7ACE08004A1570 /* Info.plist */,
			);
			name = "Supporting Files";
			sourceTree = "<group>";
		};
		62BC6D2E1A7ACE08004A1570 /* LoginNowTests */ = {
			isa = PBXGroup;
			children = (
				62BC6D311A7ACE08004A1570 /* LoginNowTests.swift */,
				62BC6D2F1A7ACE08004A1570 /* Supporting Files */,
			);
			path = LoginNowTests;
			sourceTree = "<group>";
		};
		62BC6D2F1A7ACE08004A1570 /* Supporting Files */ = {
			isa = PBXGroup;
			children = (
				62BC6D301A7ACE08004A1570 /* Info.plist */,
			);
			name = "Supporting Files";
			sourceTree = "<group>";
		};
/* End PBXGroup section */

/* Begin PBXNativeTarget section */
		62BC6D151A7ACE08004A1570 /* LoginNow */ = {
			isa = PBXNativeTarget;
			buildConfigurationList = 62BC6D351A7ACE08004A1570 /* Build configuration list for PBXNativeTarget "LoginNow" */;
			buildPhases = (
				62BC6D121A7ACE08004A1570 /* Sources */,
				62BC6D131A7ACE08004A1570 /* Frameworks */,
				62BC6D141A7ACE08004A1570 /* Resources */,
			);
			buildRules = (
			);
			dependencies = (
			);
			name = LoginNow;
			productName = LoginNow;
			productReference = 62BC6D161A7ACE08004A1570 /* LoginNow.app */;
			productType = "com.apple.product-type.application";
		};
		62BC6D2A1A7ACE08004A1570 /* LoginNowTests */ = {
			isa = PBXNativeTarget;
			buildConfigurationList = 62BC6D381A7ACE08004A1570 /* Build configuration list for PBXNativeTarget "LoginNowTests" */;
			buildPhases = (
				62BC6D271A7ACE08004A1570 /* Sources */,
				62BC6D281A7ACE08004A1570 /* Frameworks */,
				62BC6D291A7ACE08004A1570 /* Resources */,
			);
			buildRules = (
			);
			dependencies = (
				62BC6D2D1A7ACE08004A1570 /* PBXTargetDependency */,
			);
			name = LoginNowTests;
			productName = LoginNowTests;
			productReference = 62BC6D2B1A7ACE08004A1570 /* LoginNowTests.xctest */;
			productType = "com.apple.product-type.bundle.unit-test";
		};
/* End PBXNativeTarget section */

/* Begin PBXProject section */
		62BC6D0E1A7ACE08004A1570 /* Project object */ = {
			isa = PBXProject;
			attributes = {
				LastUpgradeCheck = 0610;
				ORGANIZATIONNAME = "Martin Brunner";
				TargetAttributes = {
					62BC6D151A7ACE08004A1570 = {
						CreatedOnToolsVersion = 6.1.1;
					};
					62BC6D2A1A7ACE08004A1570 = {
						CreatedOnToolsVersion = 6.1.1;
						TestTargetID = 62BC6D151A7ACE08004A1570;
					};
				};
			};
			buildConfigurationList = 62BC6D111A7ACE08004A1570 /* Build configuration list for PBXProject "LoginNow" */;
			compatibilityVersion = "Xcode 3.2";
			developmentRegion = English;
			hasScannedForEncodings = 0;
			knownRegions = (
				en,
				Base,
			);
			mainGroup = 62BC6D0D1A7ACE08004A1570;
			productRefGroup = 62BC6D171A7ACE08004A1570 /* Products */;
			projectDirPath = "";
			projectRoot = "";
			targets = (
				62BC6D151A7ACE08004A1570 /* LoginNow */,
				62BC6D2A1A7ACE08004A1570 /* LoginNowTests */,
			);
		};
/* End PBXProject section */

/* Begin PBXResourcesBuildPhase section */
		62BC6D141A7ACE08004A1570 /* Resources */ = {
			isa = PBXResourcesBuildPhase;
			buildActionMask = 2147483647;
			files = (
				62BC6D211A7ACE08004A1570 /* Main.storyboard in Resources */,
				62BC6D261A7ACE08004A1570 /* LaunchScreen.xib in Resources */,
				62BC6D231A7ACE08004A1570 /* Images.xcassets in Resources */,
			);
			runOnlyForDeploymentPostprocessing = 0;
		};
		62BC6D291A7ACE08004A1570 /* Resources */ = {
			isa = PBXResourcesBuildPhase;
			buildActionMask = 2147483647;
			files = (
			);
			runOnlyForDeploymentPostprocessing = 0;
		};
/* End PBXResourcesBuildPhase section */

/* Begin PBXSourcesBuildPhase section */
		62BC6D121A7ACE08004A1570 /* Sources */ = {
			isa = PBXSourcesBuildPhase;
			buildActionMask = 2147483647;
			files = (
				62BC6D1E1A7ACE08004A1570 /* ViewController.swift in Sources */,
				62BC6D1C1A7ACE08004A1570 /* AppDelegate.swift in Sources */,
			);
			runOnlyForDeploymentPostprocessing = 0;
		};
		62BC6D271A7ACE08004A1570 /* Sources */ = {
			isa = PBXSourcesBuildPhase;
			buildActionMask = 2147483647;
			files = (
				62BC6D321A7ACE08004A1570 /* LoginNowTests.swift in Sources */,
			);
			runOnlyForDeploymentPostprocessing = 0;
		};
/* End PBXSourcesBuildPhase section */

/* Begin PBXTargetDependency section */
		62BC6D2D1A7ACE08004A1570 /* PBXTargetDependency */ = {
			isa = PBXTargetDependency;
			target = 62BC6D151A7ACE08004A1570 /* LoginNow */;
			targetProxy = 62BC6D2C1A7ACE08004A1570 /* PBXContainerItemProxy */;
		};
/* End PBXTargetDependency section */

/* Begin PBXVariantGroup section */
		62BC6D1F1A7ACE08004A1570 /* Main.storyboard */ = {
			isa = PBXVariantGroup;
			children = (
				62BC6D201A7ACE08004A1570 /* Base */,
			);
			name = Main.storyboard;
			sourceTree = "<group>";
		};
		62BC6D241A7ACE08004A1570 /* LaunchScreen.xib */ = {
			isa = PBXVariantGroup;
			children = (
				62BC6D251A7ACE08004A1570 /* Base */,
			);
			name = LaunchScreen.xib;
			sourceTree = "<group>";
		};
/* End PBXVariantGroup section */

/* Begin XCBuildConfiguration section */
		62BC6D331A7ACE08004A1570 /* Debug */ = {
			isa = XCBuildConfiguration;
			buildSettings = {
				ALWAYS_SEARCH_USER_PATHS = NO;
				CLANG_CXX_LANGUAGE_STANDARD = "gnu++0x";
				CLANG_CXX_LIBRARY = "libc++";
				CLANG_ENABLE_MODULES = YES;
				CLANG_ENABLE_OBJC_ARC = YES;
				CLANG_WARN_BOOL_CONVERSION = YES;
				CLANG_WARN_CONSTANT_CONVERSION = YES;
				CLANG_WARN_DIRECT_OBJC_ISA_USAGE = YES_ERROR;
				CLANG_WARN_EMPTY_BODY = YES;
				CLANG_WARN_ENUM_CONVERSION = YES;
				CLANG_WARN_INT_CONVERSION = YES;
				CLANG_WARN_OBJC_ROOT_CLASS = YES_ERROR;
				CLANG_WARN_UNREACHABLE_CODE = YES;
				CLANG_WARN__DUPLICATE_METHOD_MATCH = YES;
				"CODE_SIGN_IDENTITY[sdk=iphoneos*]" = "iPhone Developer";
				COPY_PHASE_STRIP = NO;
				ENABLE_STRICT_OBJC_MSGSEND = YES;
				GCC_C_LANGUAGE_STANDARD = gnu99;
				GCC_DYNAMIC_NO_PIC = NO;
				GCC_OPTIMIZATION_LEVEL = 0;
				GCC_PREPROCESSOR_DEFINITIONS = (
					"DEBUG=1",
					"$(inherited)",
				);
				GCC_SYMBOLS_PRIVATE_EXTERN = NO;
				GCC_WARN_64_TO_32_BIT_CONVERSION = YES;
				GCC_WARN_ABOUT_RETURN_TYPE = YES_ERROR;
				GCC_WARN_UNDECLARED_SELECTOR = YES;
				GCC_WARN_UNINITIALIZED_AUTOS = YES_AGGRESSIVE;
				GCC_WARN_UNUSED_FUNCTION = YES;
				GCC_WARN_UNUSED_VARIABLE = YES;
				IPHONEOS_DEPLOYMENT_TARGET = 8.1;
				MTL_ENABLE_DEBUG_INFO = YES;
				ONLY_ACTIVE_ARCH = YES;
				SDKROOT = iphoneos;
				SWIFT_OPTIMIZATION_LEVEL = "-Onone";
			};
			name = Debug;
		};
		62BC6D341A7ACE08004A1570 /* Release */ = {
			isa = XCBuildConfiguration;
			buildSettings = {
				ALWAYS_SEARCH_USER_PATHS = NO;
				CLANG_CXX_LANGUAGE_STANDARD = "gnu++0x";
				CLANG_CXX_LIBRARY = "libc++";
				CLANG_ENABLE_MODULES = YES;
				CLANG_ENABLE_OBJC_ARC = YES;
				CLANG_WARN_BOOL_CONVERSION = YES;
				CLANG_WARN_CONSTANT_CONVERSION = YES;
				CLANG_WARN_DIRECT_OBJC_ISA_USAGE = YES_ERROR;
				CLANG_WARN_EMPTY_BODY = YES;
				CLANG_WARN_ENUM_CONVERSION = YES;
				CLANG_WARN_INT_CONVERSION = YES;
				CLANG_WARN_OBJC_ROOT_CLASS = YES_ERROR;
				CLANG_WARN_UNREACHABLE_CODE = YES;
				CLANG_WARN__DUPLICATE_METHOD_MATCH = YES;
				"CODE_SIGN_IDENTITY[sdk=iphoneos*]" = "iPhone Developer";
				COPY_PHASE_STRIP = YES;
				ENABLE_NS_ASSERTIONS = NO;
				ENABLE_STRICT_OBJC_MSGSEND = YES;
				GCC_C_LANGUAGE_STANDARD = gnu99;
				GCC_WARN_64_TO_32_BIT_CONVERSION = YES;
				GCC_WARN_ABOUT_RETURN_TYPE = YES_ERROR;
				GCC_WARN_UNDECLARED_SELECTOR = YES;
				GCC_WARN_UNINITIALIZED_AUTOS = YES_AGGRESSIVE;
				GCC_WARN_UNUSED_FUNCTION = YES;
				GCC_WARN_UNUSED_VARIABLE = YES;
				IPHONEOS_DEPLOYMENT_TARGET = 8.1;
				MTL_ENABLE_DEBUG_INFO = NO;
				SDKROOT = iphoneos;
				VALIDATE_PRODUCT = YES;
			};
			name = Release;
		};
		62BC6D361A7ACE08004A1570 /* Debug */ = {
			isa = XCBuildConfiguration;
			buildSettings = {
				ASSETCATALOG_COMPILER_APPICON_NAME = AppIcon;
				INFOPLIST_FILE = LoginNow/Info.plist;
				LD_RUNPATH_SEARCH_PATHS = "$(inherited) @executable_path/Frameworks";
				PRODUCT_NAME = "$(TARGET_NAME)";
			};
			name = Debug;
		};
		62BC6D371A7ACE08004A1570 /* Release */ = {
			isa = XCBuildConfiguration;
			buildSettings = {
				ASSETCATALOG_COMPILER_APPICON_NAME = AppIcon;
				INFOPLIST_FILE = LoginNow/Info.plist;
				LD_RUNPATH_SEARCH_PATHS = "$(inherited) @executable_path/Frameworks";
				PRODUCT_NAME = "$(TARGET_NAME)";
			};
			name = Release;
		};
		62BC6D391A7ACE08004A1570 /* Debug */ = {
			isa = XCBuildConfiguration;
			buildSettings = {
				BUNDLE_LOADER = "$(TEST_HOST)";
				FRAMEWORK_SEARCH_PATHS = (
					"$(SDKROOT)/Developer/Library/Frameworks",
					"$(inherited)",
				);
				GCC_PREPROCESSOR_DEFINITIONS = (
					"DEBUG=1",
					"$(inherited)",
				);
				INFOPLIST_FILE = LoginNowTests/Info.plist;
				LD_RUNPATH_SEARCH_PATHS = "$(inherited) @executable_path/Frameworks @loader_path/Frameworks";
				PRODUCT_NAME = "$(TARGET_NAME)";
				TEST_HOST = "$(BUILT_PRODUCTS_DIR)/LoginNow.app/LoginNow";
			};
			name = Debug;
		};
		62BC6D3A1A7ACE08004A1570 /* Release */ = {
			isa = XCBuildConfiguration;
			buildSettings = {
				BUNDLE_LOADER = "$(TEST_HOST)";
				FRAMEWORK_SEARCH_PATHS = (
					"$(SDKROOT)/Developer/Library/Frameworks",
					"$(inherited)",
				);
				INFOPLIST_FILE = LoginNowTests/Info.plist;
				LD_RUNPATH_SEARCH_PATHS = "$(inherited) @executable_path/Frameworks @loader_path/Frameworks";
				PRODUCT_NAME = "$(TARGET_NAME)";
				TEST_HOST = "$(BUILT_PRODUCTS_DIR)/LoginNow.app/LoginNow";
			};
			name = Release;
		};
/* End XCBuildConfiguration section */

/* Begin XCConfigurationList section */
		62BC6D111A7ACE08004A1570 /* Build configuration list for PBXProject "LoginNow" */ = {
			isa = XCConfigurationList;
			buildConfigurations = (
				62BC6D331A7ACE08004A1570 /* Debug */,
				62BC6D341A7ACE08004A1570 /* Release */,
			);
			defaultConfigurationIsVisible = 0;
			defaultConfigurationName = Release;
		};
		62BC6D351A7ACE08004A1570 /* Build configuration list for PBXNativeTarget "LoginNow" */ = {
			isa = XCConfigurationList;
			buildConfigurations = (
				62BC6D361A7ACE08004A1570 /* Debug */,
				62BC6D371A7ACE08004A1570 /* Release */,
			);
			defaultConfigurationIsVisible = 0;
		};
		62BC6D381A7ACE08004A1570 /* Build configuration list for PBXNativeTarget "LoginNowTests" */ = {
			isa = XCConfigurationList;
			buildConfigurations = (
				62BC6D391A7ACE08004A1570 /* Debug */,
				62BC6D3A1A7ACE08004A1570 /* Release */,
			);
			defaultConfigurationIsVisible = 0;
		};
/* End XCConfigurationList section */
	};
	rootObject = 62BC6D0E1A7ACE08004A1570 /* Project object */;
}
